Microsoft Visual Studio Solution File, Format Version 12.00
# Visual Studio Version 17
VisualStudioVersion = 17.5.2.0
MinimumVisualStudioVersion = 10.0.40219.1
Project("{FAE04EC0-301F-11D3-BF4B-00C04F79EFBC}") = "RazorWebpage", "RazorWebpage.csproj", "{BA49766F-C8CB-0B0D-676A-D26049C11B19}"
EndProject
Global
	GlobalSection(SolutionConfigurationPlatforms) = preSolution
		Debug|Any CPU = Debug|Any CPU
		Release|Any CPU = Release|Any CPU
	EndGlobalSection
	GlobalSection(ProjectConfigurationPlatforms) = postSolution
		{BA49766F-C8CB-0B0D-676A-D26049C11B19}.Debug|Any CPU.ActiveCfg = Debug|Any CPU
		{BA49766F-C8CB-0B0D-676A-D26049C11B19}.Debug|Any CPU.Build.0 = Debug|Any CPU
		{BA49766F-C8CB-0B0D-676A-D26049C11B19}.Release|Any CPU.ActiveCfg = Release|Any CPU
		{BA49766F-C8CB-0B0D-676A-D26049C11B19}.Release|Any CPU.Build.0 = Release|Any CPU
	EndGlobalSection
	GlobalSection(SolutionProperties) = preSolution
		HideSolutionNode = FALSE
	EndGlobalSection
	GlobalSection(ExtensibilityGlobals) = postSolution
		SolutionGuid = {D11E6163-7D8C-464D-8143-DBB33F980E10}
	EndGlobalSection
EndGlobal
